
Microsoft Visual Studio Solution File, Format Version 12.00
# Visual Studio 15
Project("{FAE04EC0-301F-11D3-BF4B-00C04F79EFBC}") = "Assembly-CSharp", "Assembly-CSharp.csproj", "{F3CC5EB7-834C-9307-F2F0-A9846F44FA02}"
EndProject
Project("{FAE04EC0-301F-11D3-BF4B-00C04F79EFBC}") = "Assembly-CSharp-firstpass", "Assembly-CSharp-firstpass.csproj", "{089BA1C2-4FF3-04C7-2DC0-6A3A38B0B55B}"
EndProject
Project("{FAE04EC0-301F-11D3-BF4B-00C04F79EFBC}") = "Assembly-CSharp-Editor", "Assembly-CSharp-Editor.csproj", "{7DF1A846-386A-9962-51E8-5D6595854899}"
EndProject
Global
	GlobalSection(SolutionConfigurationPlatforms) = preSolution
		Debug|Any CPU = Debug|Any CPU
		Release|Any CPU = Release|Any CPU
	EndGlobalSection
	GlobalSection(ProjectConfigurationPlatforms) = postSolution
		{F3CC5EB7-834C-9307-F2F0-A9846F44FA02}.Debug|Any CPU.ActiveCfg = Debug|Any CPU
		{F3CC5EB7-834C-9307-F2F0-A9846F44FA02}.Debug|Any CPU.Build.0 = Debug|Any CPU
		{F3CC5EB7-834C-9307-F2F0-A9846F44FA02}.Release|Any CPU.ActiveCfg = Release|Any CPU
		{F3CC5EB7-834C-9307-F2F0-A9846F44FA02}.Release|Any CPU.Build.0 = Release|Any CPU
		{089BA1C2-4FF3-04C7-2DC0-6A3A38B0B55B}.Debug|Any CPU.ActiveCfg = Debug|Any CPU
		{089BA1C2-4FF3-04C7-2DC0-6A3A38B0B55B}.Debug|Any CPU.Build.0 = Debug|Any CPU
		{089BA1C2-4FF3-04C7-2DC0-6A3A38B0B55B}.Release|Any CPU.ActiveCfg = Release|Any CPU
		{089BA1C2-4FF3-04C7-2DC0-6A3A38B0B55B}.Release|Any CPU.Build.0 = Release|Any CPU
		{7DF1A846-386A-9962-51E8-5D6595854899}.Debug|Any CPU.ActiveCfg = Debug|Any CPU
		{7DF1A846-386A-9962-51E8-5D6595854899}.Debug|Any CPU.Build.0 = Debug|Any CPU
		{7DF1A846-386A-9962-51E8-5D6595854899}.Release|Any CPU.ActiveCfg = Release|Any CPU
		{7DF1A846-386A-9962-51E8-5D6595854899}.Release|Any CPU.Build.0 = Release|Any CPU
	EndGlobalSection
	GlobalSection(SolutionProperties) = preSolution
		HideSolutionNode = FALSE
	EndGlobalSection
EndGlobal
